<?xml version="1.0" encoding="utf-8"?>
<Project ToolsVersion="4.0" xmlns="http://schemas.microsoft.com/developer/msbuild/2003">
  <ItemGroup>
    <Filter Include="Source Files">
      <UniqueIdentifier>{4FC737F1-C7A5-4376-A066-2A32D752A2FF}</UniqueIdentifier>
      <Extensions>cpp;c;cc;cxx;def;odl;idl;hpj;bat;asm;asmx</Extensions>
    </Filter>
    <Filter Include="Header Files">
      <UniqueIdentifier>{93995380-89BD-4b04-88EB-625FBE52EBFB}</UniqueIdentifier>
      <Extensions>h;hpp;hxx;hm;inl;inc;xsd</Extensions>
    </Filter>
    <Filter Include="Resource Files">
      <UniqueIdentifier>{67DA6AB6-F800-4c08-8B7A-83BB121AAD01}</UniqueIdentifier>
      <Extensions>rc;ico;cur;bmp;dlg;rc2;rct;bin;rgs;gif;jpg;jpeg;jpe;resx;tiff;tif;png;wav</Extensions>
    </Filter>
  </ItemGroup>
  <ItemGroup>
    <ClCompile Include="DesignModel.cpp">
      <Filter>Source Files</Filter>
    </ClCompile>
    <ClCompile Include="DMAbstractFactory.cpp">
      <Filter>Source Files</Filter>
    </ClCompile>
    <ClCompile Include="DMAdapter.cpp">
      <Filter>Source Files</Filter>
    </ClCompile>
    <ClCompile Include="DMBridge.cpp">
      <Filter>Source Files</Filter>
    </ClCompile>
    <ClCompile Include="DMBuilder.cpp">
      <Filter>Source Files</Filter>
    </ClCompile>
    <ClCompile Include="DMChainOfResponsibility.cpp">
      <Filter>Source Files</Filter>
    </ClCompile>
    <ClCompile Include="DMCommand.cpp">
      <Filter>Source Files</Filter>
    </ClCompile>
    <ClCompile Include="DMComposite.cpp">
      <Filter>Source Files</Filter>
    </ClCompile>
    <ClCompile Include="DMDecorator.cpp">
      <Filter>Source Files</Filter>
    </ClCompile>
    <ClCompile Include="DMFactory.cpp">
      <Filter>Source Files</Filter>
    </ClCompile>
    <ClCompile Include="DMFlyweight.cpp">
      <Filter>Source Files</Filter>
    </ClCompile>
    <ClCompile Include="DMIterator.cpp">
      <Filter>Source Files</Filter>
    </ClCompile>
    <ClCompile Include="DMMemento.cpp">
      <Filter>Source Files</Filter>
    </ClCompile>
    <ClCompile Include="DMObserver.cpp">
      <Filter>Source Files</Filter>
    </ClCompile>
    <ClCompile Include="DMPrototype.cpp">
      <Filter>Source Files</Filter>
    </ClCompile>
    <ClCompile Include="DMProxy.cpp">
      <Filter>Source Files</Filter>
    </ClCompile>
    <ClCompile Include="DMSingleton.cpp">
      <Filter>Source Files</Filter>
    </ClCompile>
    <ClCompile Include="DMState.cpp">
      <Filter>Source Files</Filter>
    </ClCompile>
    <ClCompile Include="DMStrategy.cpp">
      <Filter>Source Files</Filter>
    </ClCompile>
    <ClCompile Include="DMTemplateMethod.cpp">
      <Filter>Source Files</Filter>
    </ClCompile>
    <ClCompile Include="DMVisitor.cpp">
      <Filter>Source Files</Filter>
    </ClCompile>
    <ClCompile Include="VirtualTableHook.cpp">
      <Filter>Source Files</Filter>
    </ClCompile>
  </ItemGroup>
  <ItemGroup>
    <ClInclude Include="DesignModel.h">
      <Filter>Header Files</Filter>
    </ClInclude>
    <ClInclude Include="DMAbstractFactory.h">
      <Filter>Header Files</Filter>
    </ClInclude>
    <ClInclude Include="DMAdapter.h">
      <Filter>Header Files</Filter>
    </ClInclude>
    <ClInclude Include="DMBridge.h">
      <Filter>Header Files</Filter>
    </ClInclude>
    <ClInclude Include="DMBuilder.h">
      <Filter>Header Files</Filter>
    </ClInclude>
    <ClInclude Include="DMChainOfResponsibility.h">
      <Filter>Header Files</Filter>
    </ClInclude>
    <ClInclude Include="DMCommand.h">
      <Filter>Header Files</Filter>
    </ClInclude>
    <ClInclude Include="DMComposite.h">
      <Filter>Header Files</Filter>
    </ClInclude>
    <ClInclude Include="DMDecorator.h">
      <Filter>Header Files</Filter>
    </ClInclude>
    <ClInclude Include="DMFactory.h">
      <Filter>Header Files</Filter>
    </ClInclude>
    <ClInclude Include="DMFlyweight.h">
      <Filter>Header Files</Filter>
    </ClInclude>
    <ClInclude Include="DMIterator.h">
      <Filter>Header Files</Filter>
    </ClInclude>
    <ClInclude Include="DMMemento.h">
      <Filter>Header Files</Filter>
    </ClInclude>
    <ClInclude Include="DMObserver.h">
      <Filter>Header Files</Filter>
    </ClInclude>
    <ClInclude Include="DMPrototype.h">
      <Filter>Header Files</Filter>
    </ClInclude>
    <ClInclude Include="DMProxy.h">
      <Filter>Header Files</Filter>
    </ClInclude>
    <ClInclude Include="DMSingleton.h">
      <Filter>Header Files</Filter>
    </ClInclude>
    <ClInclude Include="DMState.h">
      <Filter>Header Files</Filter>
    </ClInclude>
    <ClInclude Include="DMStrategy.h">
      <Filter>Header Files</Filter>
    </ClInclude>
    <ClInclude Include="DMTemplateMethod.h">
      <Filter>Header Files</Filter>
    </ClInclude>
    <ClInclude Include="DMVisitor.h">
      <Filter>Header Files</Filter>
    </ClInclude>
    <ClInclude Include="VirtualTableHook.h">
      <Filter>Header Files</Filter>
    </ClInclude>
  </ItemGroup>
</Project>