
Microsoft Visual Studio Solution File, Format Version 12.00
# Visual Studio Version 16
VisualStudioVersion = 16.0.29609.76
MinimumVisualStudioVersion = 10.0.40219.1
Project("{8BC9CEB8-8B4A-11D0-8D11-00A0C91BC942}") = "module", "module\module.vcxproj", "{2C443EE4-88F6-44E5-A2D9-B1BCC69B0D45}"
EndProject
Project("{8BC9CEB8-8B4A-11D0-8D11-00A0C91BC942}") = "coroutine", "coroutine\coroutine.vcxproj", "{FE4B912C-D712-40F5-A024-7A84CD439827}"
EndProject
Project("{8BC9CEB8-8B4A-11D0-8D11-00A0C91BC942}") = "concepts", "concepts\concepts.vcxproj", "{99DA44E0-C2AF-4819-8A3A-BAD47B1F85DD}"
EndProject
Project("{8BC9CEB8-8B4A-11D0-8D11-00A0C91BC942}") = "ranges", "ranges\ranges.vcxproj", "{DC0F5957-15DA-409D-A809-24D9315D3B30}"
EndProject
Project("{8BC9CEB8-8B4A-11D0-8D11-00A0C91BC942}") = "span", "span\span.vcxproj", "{FF8EC26B-833F-495D-B147-DEFE3ED0BCFB}"
EndProject
Project("{8BC9CEB8-8B4A-11D0-8D11-00A0C91BC942}") = "compare", "compare\compare.vcxproj", "{4F4CDEEF-860D-4E30-ADA5-5584487C640D}"
EndProject
Project("{8BC9CEB8-8B4A-11D0-8D11-00A0C91BC942}") = "version", "version\version.vcxproj", "{29F68ED6-570B-4ED8-8739-FF19FE946BB9}"
EndProject
Project("{8BC9CEB8-8B4A-11D0-8D11-00A0C91BC942}") = "jthread", "jthread\jthread.vcxproj", "{9688BA61-2C6A-4F5E-AE79-B35DFCE49576}"
EndProject
Project("{8BC9CEB8-8B4A-11D0-8D11-00A0C91BC942}") = "numbers", "numbers\numbers.vcxproj", "{99C9FC5E-7B38-45C0-BB46-93C3F7FCABDC}"
EndProject
Project("{8BC9CEB8-8B4A-11D0-8D11-00A0C91BC942}") = "bit", "bit\bit.vcxproj", "{4387A9E2-2316-4849-80BA-D7BC224AE668}"
EndProject
Project("{8BC9CEB8-8B4A-11D0-8D11-00A0C91BC942}") = "source_location", "source_location\source_location.vcxproj", "{D8E7D0FD-368E-44F7-BAA5-04CC37A8F2C3}"
EndProject
Project("{8BC9CEB8-8B4A-11D0-8D11-00A0C91BC942}") = "to_address", "to_address\to_address.vcxproj", "{DCB74C40-D745-489D-8D55-03F472985570}"
EndProject
Project("{8BC9CEB8-8B4A-11D0-8D11-00A0C91BC942}") = "atomic_wait", "atomic_wait\atomic_wait.vcxproj", "{FBE5F066-9038-4D52-875A-1A4A59D4D07F}"
EndProject
Global
	GlobalSection(SolutionConfigurationPlatforms) = preSolution
		Debug|x64 = Debug|x64
		Debug|x86 = Debug|x86
		Release|x64 = Release|x64
		Release|x86 = Release|x86
	EndGlobalSection
	GlobalSection(ProjectConfigurationPlatforms) = postSolution
		{2C443EE4-88F6-44E5-A2D9-B1BCC69B0D45}.Debug|x64.ActiveCfg = Debug|x64
		{2C443EE4-88F6-44E5-A2D9-B1BCC69B0D45}.Debug|x64.Build.0 = Debug|x64
		{2C443EE4-88F6-44E5-A2D9-B1BCC69B0D45}.Debug|x86.ActiveCfg = Debug|Win32
		{2C443EE4-88F6-44E5-A2D9-B1BCC69B0D45}.Debug|x86.Build.0 = Debug|Win32
		{2C443EE4-88F6-44E5-A2D9-B1BCC69B0D45}.Release|x64.ActiveCfg = Release|x64
		{2C443EE4-88F6-44E5-A2D9-B1BCC69B0D45}.Release|x64.Build.0 = Release|x64
		{2C443EE4-88F6-44E5-A2D9-B1BCC69B0D45}.Release|x86.ActiveCfg = Release|Win32
		{2C443EE4-88F6-44E5-A2D9-B1BCC69B0D45}.Release|x86.Build.0 = Release|Win32
		{FE4B912C-D712-40F5-A024-7A84CD439827}.Debug|x64.ActiveCfg = Debug|x64
		{FE4B912C-D712-40F5-A024-7A84CD439827}.Debug|x64.Build.0 = Debug|x64
		{FE4B912C-D712-40F5-A024-7A84CD439827}.Debug|x86.ActiveCfg = Debug|Win32
		{FE4B912C-D712-40F5-A024-7A84CD439827}.Debug|x86.Build.0 = Debug|Win32
		{FE4B912C-D712-40F5-A024-7A84CD439827}.Release|x64.ActiveCfg = Release|x64
		{FE4B912C-D712-40F5-A024-7A84CD439827}.Release|x64.Build.0 = Release|x64
		{FE4B912C-D712-40F5-A024-7A84CD439827}.Release|x86.ActiveCfg = Release|Win32
		{FE4B912C-D712-40F5-A024-7A84CD439827}.Release|x86.Build.0 = Release|Win32
		{99DA44E0-C2AF-4819-8A3A-BAD47B1F85DD}.Debug|x64.ActiveCfg = Debug|x64
		{99DA44E0-C2AF-4819-8A3A-BAD47B1F85DD}.Debug|x64.Build.0 = Debug|x64
		{99DA44E0-C2AF-4819-8A3A-BAD47B1F85DD}.Debug|x86.ActiveCfg = Debug|Win32
		{99DA44E0-C2AF-4819-8A3A-BAD47B1F85DD}.Debug|x86.Build.0 = Debug|Win32
		{99DA44E0-C2AF-4819-8A3A-BAD47B1F85DD}.Release|x64.ActiveCfg = Release|x64
		{99DA44E0-C2AF-4819-8A3A-BAD47B1F85DD}.Release|x64.Build.0 = Release|x64
		{99DA44E0-C2AF-4819-8A3A-BAD47B1F85DD}.Release|x86.ActiveCfg = Release|Win32
		{99DA44E0-C2AF-4819-8A3A-BAD47B1F85DD}.Release|x86.Build.0 = Release|Win32
		{DC0F5957-15DA-409D-A809-24D9315D3B30}.Debug|x64.ActiveCfg = Debug|x64
		{DC0F5957-15DA-409D-A809-24D9315D3B30}.Debug|x64.Build.0 = Debug|x64
		{DC0F5957-15DA-409D-A809-24D9315D3B30}.Debug|x86.ActiveCfg = Debug|Win32
		{DC0F5957-15DA-409D-A809-24D9315D3B30}.Debug|x86.Build.0 = Debug|Win32
		{DC0F5957-15DA-409D-A809-24D9315D3B30}.Release|x64.ActiveCfg = Release|x64
		{DC0F5957-15DA-409D-A809-24D9315D3B30}.Release|x64.Build.0 = Release|x64
		{DC0F5957-15DA-409D-A809-24D9315D3B30}.Release|x86.ActiveCfg = Release|Win32
		{DC0F5957-15DA-409D-A809-24D9315D3B30}.Release|x86.Build.0 = Release|Win32
		{FF8EC26B-833F-495D-B147-DEFE3ED0BCFB}.Debug|x64.ActiveCfg = Debug|x64
		{FF8EC26B-833F-495D-B147-DEFE3ED0BCFB}.Debug|x64.Build.0 = Debug|x64
		{FF8EC26B-833F-495D-B147-DEFE3ED0BCFB}.Debug|x86.ActiveCfg = Debug|Win32
		{FF8EC26B-833F-495D-B147-DEFE3ED0BCFB}.Debug|x86.Build.0 = Debug|Win32
		{FF8EC26B-833F-495D-B147-DEFE3ED0BCFB}.Release|x64.ActiveCfg = Release|x64
		{FF8EC26B-833F-495D-B147-DEFE3ED0BCFB}.Release|x64.Build.0 = Release|x64
		{FF8EC26B-833F-495D-B147-DEFE3ED0BCFB}.Release|x86.ActiveCfg = Release|Win32
		{FF8EC26B-833F-495D-B147-DEFE3ED0BCFB}.Release|x86.Build.0 = Release|Win32
		{4F4CDEEF-860D-4E30-ADA5-5584487C640D}.Debug|x64.ActiveCfg = Debug|x64
		{4F4CDEEF-860D-4E30-ADA5-5584487C640D}.Debug|x64.Build.0 = Debug|x64
		{4F4CDEEF-860D-4E30-ADA5-5584487C640D}.Debug|x86.ActiveCfg = Debug|Win32
		{4F4CDEEF-860D-4E30-ADA5-5584487C640D}.Debug|x86.Build.0 = Debug|Win32
		{4F4CDEEF-860D-4E30-ADA5-5584487C640D}.Release|x64.ActiveCfg = Release|x64
		{4F4CDEEF-860D-4E30-ADA5-5584487C640D}.Release|x64.Build.0 = Release|x64
		{4F4CDEEF-860D-4E30-ADA5-5584487C640D}.Release|x86.ActiveCfg = Release|Win32
		{4F4CDEEF-860D-4E30-ADA5-5584487C640D}.Release|x86.Build.0 = Release|Win32
		{29F68ED6-570B-4ED8-8739-FF19FE946BB9}.Debug|x64.ActiveCfg = Debug|x64
		{29F68ED6-570B-4ED8-8739-FF19FE946BB9}.Debug|x64.Build.0 = Debug|x64
		{29F68ED6-570B-4ED8-8739-FF19FE946BB9}.Debug|x86.ActiveCfg = Debug|Win32
		{29F68ED6-570B-4ED8-8739-FF19FE946BB9}.Debug|x86.Build.0 = Debug|Win32
		{29F68ED6-570B-4ED8-8739-FF19FE946BB9}.Release|x64.ActiveCfg = Release|x64
		{29F68ED6-570B-4ED8-8739-FF19FE946BB9}.Release|x64.Build.0 = Release|x64
		{29F68ED6-570B-4ED8-8739-FF19FE946BB9}.Release|x86.ActiveCfg = Release|Win32
		{29F68ED6-570B-4ED8-8739-FF19FE946BB9}.Release|x86.Build.0 = Release|Win32
		{9688BA61-2C6A-4F5E-AE79-B35DFCE49576}.Debug|x64.ActiveCfg = Debug|x64
		{9688BA61-2C6A-4F5E-AE79-B35DFCE49576}.Debug|x64.Build.0 = Debug|x64
		{9688BA61-2C6A-4F5E-AE79-B35DFCE49576}.Debug|x86.ActiveCfg = Debug|Win32
		{9688BA61-2C6A-4F5E-AE79-B35DFCE49576}.Debug|x86.Build.0 = Debug|Win32
		{9688BA61-2C6A-4F5E-AE79-B35DFCE49576}.Release|x64.ActiveCfg = Release|x64
		{9688BA61-2C6A-4F5E-AE79-B35DFCE49576}.Release|x64.Build.0 = Release|x64
		{9688BA61-2C6A-4F5E-AE79-B35DFCE49576}.Release|x86.ActiveCfg = Release|Win32
		{9688BA61-2C6A-4F5E-AE79-B35DFCE49576}.Release|x86.Build.0 = Release|Win32
		{99C9FC5E-7B38-45C0-BB46-93C3F7FCABDC}.Debug|x64.ActiveCfg = Debug|x64
		{99C9FC5E-7B38-45C0-BB46-93C3F7FCABDC}.Debug|x64.Build.0 = Debug|x64
		{99C9FC5E-7B38-45C0-BB46-93C3F7FCABDC}.Debug|x86.ActiveCfg = Debug|Win32
		{99C9FC5E-7B38-45C0-BB46-93C3F7FCABDC}.Debug|x86.Build.0 = Debug|Win32
		{99C9FC5E-7B38-45C0-BB46-93C3F7FCABDC}.Release|x64.ActiveCfg = Release|x64
		{99C9FC5E-7B38-45C0-BB46-93C3F7FCABDC}.Release|x64.Build.0 = Release|x64
		{99C9FC5E-7B38-45C0-BB46-93C3F7FCABDC}.Release|x86.ActiveCfg = Release|Win32
		{99C9FC5E-7B38-45C0-BB46-93C3F7FCABDC}.Release|x86.Build.0 = Release|Win32
		{4387A9E2-2316-4849-80BA-D7BC224AE668}.Debug|x64.ActiveCfg = Debug|x64
		{4387A9E2-2316-4849-80BA-D7BC224AE668}.Debug|x64.Build.0 = Debug|x64
		{4387A9E2-2316-4849-80BA-D7BC224AE668}.Debug|x86.ActiveCfg = Debug|Win32
		{4387A9E2-2316-4849-80BA-D7BC224AE668}.Debug|x86.Build.0 = Debug|Win32
		{4387A9E2-2316-4849-80BA-D7BC224AE668}.Release|x64.ActiveCfg = Release|x64
		{4387A9E2-2316-4849-80BA-D7BC224AE668}.Release|x64.Build.0 = Release|x64
		{4387A9E2-2316-4849-80BA-D7BC224AE668}.Release|x86.ActiveCfg = Release|Win32
		{4387A9E2-2316-4849-80BA-D7BC224AE668}.Release|x86.Build.0 = Release|Win32
		{D8E7D0FD-368E-44F7-BAA5-04CC37A8F2C3}.Debug|x64.ActiveCfg = Debug|x64
		{D8E7D0FD-368E-44F7-BAA5-04CC37A8F2C3}.Debug|x64.Build.0 = Debug|x64
		{D8E7D0FD-368E-44F7-BAA5-04CC37A8F2C3}.Debug|x86.ActiveCfg = Debug|Win32
		{D8E7D0FD-368E-44F7-BAA5-04CC37A8F2C3}.Debug|x86.Build.0 = Debug|Win32
		{D8E7D0FD-368E-44F7-BAA5-04CC37A8F2C3}.Release|x64.ActiveCfg = Release|x64
		{D8E7D0FD-368E-44F7-BAA5-04CC37A8F2C3}.Release|x64.Build.0 = Release|x64
		{D8E7D0FD-368E-44F7-BAA5-04CC37A8F2C3}.Release|x86.ActiveCfg = Release|Win32
		{D8E7D0FD-368E-44F7-BAA5-04CC37A8F2C3}.Release|x86.Build.0 = Release|Win32
		{DCB74C40-D745-489D-8D55-03F472985570}.Debug|x64.ActiveCfg = Debug|x64
		{DCB74C40-D745-489D-8D55-03F472985570}.Debug|x64.Build.0 = Debug|x64
		{DCB74C40-D745-489D-8D55-03F472985570}.Debug|x86.ActiveCfg = Debug|Win32
		{DCB74C40-D745-489D-8D55-03F472985570}.Debug|x86.Build.0 = Debug|Win32
		{DCB74C40-D745-489D-8D55-03F472985570}.Release|x64.ActiveCfg = Release|x64
		{DCB74C40-D745-489D-8D55-03F472985570}.Release|x64.Build.0 = Release|x64
		{DCB74C40-D745-489D-8D55-03F472985570}.Release|x86.ActiveCfg = Release|Win32
		{DCB74C40-D745-489D-8D55-03F472985570}.Release|x86.Build.0 = Release|Win32
		{FBE5F066-9038-4D52-875A-1A4A59D4D07F}.Debug|x64.ActiveCfg = Debug|x64
		{FBE5F066-9038-4D52-875A-1A4A59D4D07F}.Debug|x64.Build.0 = Debug|x64
		{FBE5F066-9038-4D52-875A-1A4A59D4D07F}.Debug|x86.ActiveCfg = Debug|Win32
		{FBE5F066-9038-4D52-875A-1A4A59D4D07F}.Debug|x86.Build.0 = Debug|Win32
		{FBE5F066-9038-4D52-875A-1A4A59D4D07F}.Release|x64.ActiveCfg = Release|x64
		{FBE5F066-9038-4D52-875A-1A4A59D4D07F}.Release|x64.Build.0 = Release|x64
		{FBE5F066-9038-4D52-875A-1A4A59D4D07F}.Release|x86.ActiveCfg = Release|Win32
		{FBE5F066-9038-4D52-875A-1A4A59D4D07F}.Release|x86.Build.0 = Release|Win32
	EndGlobalSection
	GlobalSection(SolutionProperties) = preSolution
		HideSolutionNode = FALSE
	EndGlobalSection
	GlobalSection(ExtensibilityGlobals) = postSolution
		SolutionGuid = {B02CAC87-8CA1-41C9-BDED-A30F41278492}
	EndGlobalSection
EndGlobal
